
Microsoft Visual Studio Solution File, Format Version 12.00
# Visual Studio Version 17
VisualStudioVersion = 17.6.33829.357
MinimumVisualStudioVersion = 10.0.40219.1
Project("{9A19103F-16F7-4668-BE54-9A1E7A4F7556}") = "SiteManagement.Api", "SiteManagement.Api\SiteManagement.Api.csproj", "{23F1BEB8-66F2-4685-9A72-D39A7FF89610}"
EndProject
Project("{9A19103F-16F7-4668-BE54-9A1E7A4F7556}") = "SiteManagement.Business", "SiteManagement.Business\SiteManagement.Business.csproj", "{C7CEA649-EC52-4CB5-B2AE-3DAE65F2F434}"
EndProject
Project("{9A19103F-16F7-4668-BE54-9A1E7A4F7556}") = "SiteManagement.Core", "SiteManagement.Core\SiteManagement.Core.csproj", "{7BACB50C-8C58-450E-871D-AC91E33A91DA}"
EndProject
Project("{9A19103F-16F7-4668-BE54-9A1E7A4F7556}") = "SiteManagement.Data", "SiteManagement.Data\SiteManagement.Data.csproj", "{C301E6AA-11F1-4A9E-8C0B-5E5D148F20F5}"
EndProject
Global
	GlobalSection(SolutionConfigurationPlatforms) = preSolution
		Debug|Any CPU = Debug|Any CPU
		Release|Any CPU = Release|Any CPU
	EndGlobalSection
	GlobalSection(ProjectConfigurationPlatforms) = postSolution
		{23F1BEB8-66F2-4685-9A72-D39A7FF89610}.Debug|Any CPU.ActiveCfg = Debug|Any CPU
		{23F1BEB8-66F2-4685-9A72-D39A7FF89610}.Debug|Any CPU.Build.0 = Debug|Any CPU
		{23F1BEB8-66F2-4685-9A72-D39A7FF89610}.Release|Any CPU.ActiveCfg = Release|Any CPU
		{23F1BEB8-66F2-4685-9A72-D39A7FF89610}.Release|Any CPU.Build.0 = Release|Any CPU
		{C7CEA649-EC52-4CB5-B2AE-3DAE65F2F434}.Debug|Any CPU.ActiveCfg = Debug|Any CPU
		{C7CEA649-EC52-4CB5-B2AE-3DAE65F2F434}.Debug|Any CPU.Build.0 = Debug|Any CPU
		{C7CEA649-EC52-4CB5-B2AE-3DAE65F2F434}.Release|Any CPU.ActiveCfg = Release|Any CPU
		{C7CEA649-EC52-4CB5-B2AE-3DAE65F2F434}.Release|Any CPU.Build.0 = Release|Any CPU
		{7BACB50C-8C58-450E-871D-AC91E33A91DA}.Debug|Any CPU.ActiveCfg = Debug|Any CPU
		{7BACB50C-8C58-450E-871D-AC91E33A91DA}.Debug|Any CPU.Build.0 = Debug|Any CPU
		{7BACB50C-8C58-450E-871D-AC91E33A91DA}.Release|Any CPU.ActiveCfg = Release|Any CPU
		{7BACB50C-8C58-450E-871D-AC91E33A91DA}.Release|Any CPU.Build.0 = Release|Any CPU
		{C301E6AA-11F1-4A9E-8C0B-5E5D148F20F5}.Debug|Any CPU.ActiveCfg = Debug|Any CPU
		{C301E6AA-11F1-4A9E-8C0B-5E5D148F20F5}.Debug|Any CPU.Build.0 = Debug|Any CPU
		{C301E6AA-11F1-4A9E-8C0B-5E5D148F20F5}.Release|Any CPU.ActiveCfg = Release|Any CPU
		{C301E6AA-11F1-4A9E-8C0B-5E5D148F20F5}.Release|Any CPU.Build.0 = Release|Any CPU
	EndGlobalSection
	GlobalSection(SolutionProperties) = preSolution
		HideSolutionNode = FALSE
	EndGlobalSection
	GlobalSection(ExtensibilityGlobals) = postSolution
		SolutionGuid = {4D6A677B-1473-49E9-A24D-3E07A533225F}
	EndGlobalSection
EndGlobal
